// !$*UTF8*$!
{
	archiveVersion = 1;
	classes = {
	};
	objectVersion = 77;
	objects = {

/* Begin PBXBuildFile section */
		B8F357B82FBDF2A6001C5058 /* jp.daradara.WiFiSnifferToolHelper in CopyFiles */ = {isa = PBXBuildFile; fileRef = B8F357AD2FBDF0D3001C5058 /* jp.daradara.WiFiSnifferToolHelper */; };
		B8F357B92FBDF2FA001C5058 /* WiFiCaptureProtocol.swift in Sources */ = {isa = PBXBuildFile; fileRef = B8F3579F2FBDF06A001C5058 /* WiFiCaptureProtocol.swift */; };
		B8F357BA2FBDF2FA001C5058 /* WiFiCaptureProtocol.swift in Sources */ = {isa = PBXBuildFile; fileRef = B8F3579F2FBDF06A001C5058 /* WiFiCaptureProtocol.swift */; };
		B8F357C12FBDF903001C5058 /* libpcap.tbd in Frameworks */ = {isa = PBXBuildFile; fileRef = B8F357C02FBDF903001C5058 /* libpcap.tbd */; };
/* End PBXBuildFile section */

/* Begin PBXContainerItemProxy section */
		B886C64F2FBCD25D0005E4D7 /* PBXContainerItemProxy */ = {
			isa = PBXContainerItemProxy;
			containerPortal = B886C6372FBCD25C0005E4D7 /* Project object */;
			proxyType = 1;
			remoteGlobalIDString = B886C63E2FBCD25C0005E4D7;
			remoteInfo = WiFiSnifferTool;
		};
		B886C6592FBCD25D0005E4D7 /* PBXContainerItemProxy */ = {
			isa = PBXContainerItemProxy;
			containerPortal = B886C6372FBCD25C0005E4D7 /* Project object */;
			proxyType = 1;
			remoteGlobalIDString = B886C63E2FBCD25C0005E4D7;
			remoteInfo = WiFiSnifferTool;
		};
		B8F357C52FBE1293001C5058 /* PBXContainerItemProxy */ = {
			isa = PBXContainerItemProxy;
			containerPortal = B886C6372FBCD25C0005E4D7 /* Project object */;
			proxyType = 1;
			remoteGlobalIDString = B8F357AC2FBDF0D3001C5058;
			remoteInfo = jp.daradara.WiFiSnifferToolHelper;
		};
/* End PBXContainerItemProxy section */

/* Begin PBXCopyFilesBuildPhase section */
		B8F357AB2FBDF0D3001C5058 /* CopyFiles */ = {
			isa = PBXCopyFilesBuildPhase;
			buildActionMask = 2147483647;
			dstPath = /usr/share/man/man1/;
			dstSubfolderSpec = 0;
			files = (
			);
			runOnlyForDeploymentPostprocessing = 1;
		};
		B8F357B72FBDF248001C5058 /* CopyFiles */ = {
			isa = PBXCopyFilesBuildPhase;
			buildActionMask = 12;
			dstPath = Contents/Library/LaunchDaemons;
			dstSubfolderSpec = 1;
			files = (
				B8F357B82FBDF2A6001C5058 /* jp.daradara.WiFiSnifferToolHelper in CopyFiles */,
			);
			runOnlyForDeploymentPostprocessing = 0;
		};
/* End PBXCopyFilesBuildPhase section */

/* Begin PBXFileReference section */
		B886C63F2FBCD25C0005E4D7 /* WiFiSnifferTool.app */ = {isa = PBXFileReference; explicitFileType = wrapper.application; includeInIndex = 0; path = WiFiSnifferTool.app; sourceTree = BUILT_PRODUCTS_DIR; };
		B886C64E2FBCD25D0005E4D7 /* WiFiSnifferToolTests.xctest */ = {isa = PBXFileReference; explicitFileType = wrapper.cfbundle; includeInIndex = 0; path = WiFiSnifferToolTests.xctest; sourceTree = BUILT_PRODUCTS_DIR; };
		B886C6582FBCD25D0005E4D7 /* WiFiSnifferToolUITests.xctest */ = {isa = PBXFileReference; explicitFileType = wrapper.cfbundle; includeInIndex = 0; path = WiFiSnifferToolUITests.xctest; sourceTree = BUILT_PRODUCTS_DIR; };
		B8F3579F2FBDF06A001C5058 /* WiFiCaptureProtocol.swift */ = {isa = PBXFileReference; lastKnownFileType = sourcecode.swift; path = WiFiCaptureProtocol.swift; sourceTree = "<group>"; };
		B8F357AD2FBDF0D3001C5058 /* jp.daradara.WiFiSnifferToolHelper */ = {isa = PBXFileReference; explicitFileType = "compiled.mach-o.executable"; includeInIndex = 0; path = jp.daradara.WiFiSnifferToolHelper; sourceTree = BUILT_PRODUCTS_DIR; };
		B8F357BE2FBDF69F001C5058 /* GEMINI.md */ = {isa = PBXFileReference; lastKnownFileType = net.daringfireball.markdown; path = GEMINI.md; sourceTree = "<group>"; };
		B8F357C02FBDF903001C5058 /* libpcap.tbd */ = {isa = PBXFileReference; lastKnownFileType = "sourcecode.text-based-dylib-definition"; name = libpcap.tbd; path = usr/lib/libpcap.tbd; sourceTree = SDKROOT; };
/* End PBXFileReference section */

/* Begin PBXFileSystemSynchronizedBuildFileExceptionSet section */
		B8F357BC2FBDF371001C5058 /* Exceptions for "WiFiSnifferToolHelper" folder in "jp.daradara.WiFiSnifferToolHelper" target */ = {
			isa = PBXFileSystemSynchronizedBuildFileExceptionSet;
			membershipExceptions = (
				main.swift,
				WiFiCaptureHelper.swift,
			);
			target = B8F357AC2FBDF0D3001C5058 /* jp.daradara.WiFiSnifferToolHelper */;
		};
		B8F357F42FBF5C13001C5058 /* Exceptions for "WiFiSnifferTool" folder in "WiFiSnifferTool" target */ = {
			isa = PBXFileSystemSynchronizedBuildFileExceptionSet;
			membershipExceptions = (
				jp.daradara.WiFiSnifferToolHelper.plist,
			);
			target = B886C63E2FBCD25C0005E4D7 /* WiFiSnifferTool */;
		};
/* End PBXFileSystemSynchronizedBuildFileExceptionSet section */

/* Begin PBXFileSystemSynchronizedGroupBuildPhaseMembershipExceptionSet section */
		B8F357F62FBF5C31001C5058 /* Exceptions for "WiFiSnifferTool" folder in "Copy Files" phase from "WiFiSnifferTool" target */ = {
			isa = PBXFileSystemSynchronizedGroupBuildPhaseMembershipExceptionSet;
			buildPhase = B8F357B72FBDF248001C5058 /* CopyFiles */;
			membershipExceptions = (
				jp.daradara.WiFiSnifferToolHelper.plist,
			);
		};
/* End PBXFileSystemSynchronizedGroupBuildPhaseMembershipExceptionSet section */

/* Begin PBXFileSystemSynchronizedRootGroup section */
		B886C6412FBCD25C0005E4D7 /* WiFiSnifferTool */ = {
			isa = PBXFileSystemSynchronizedRootGroup;
			exceptions = (
				B8F357F42FBF5C13001C5058 /* Exceptions for "WiFiSnifferTool" folder in "WiFiSnifferTool" target */,
				B8F357F62FBF5C31001C5058 /* Exceptions for "WiFiSnifferTool" folder in "Copy Files" phase from "WiFiSnifferTool" target */,
			);
			path = WiFiSnifferTool;
			sourceTree = "<group>";
		};
		B886C6512FBCD25D0005E4D7 /* WiFiSnifferToolTests */ = {
			isa = PBXFileSystemSynchronizedRootGroup;
			path = WiFiSnifferToolTests;
			sourceTree = "<group>";
		};
		B886C65B2FBCD25D0005E4D7 /* WiFiSnifferToolUITests */ = {
			isa = PBXFileSystemSynchronizedRootGroup;
			path = WiFiSnifferToolUITests;
			sourceTree = "<group>";
		};
		B8F357A82FBDF083001C5058 /* WiFiSnifferToolHelper */ = {
			isa = PBXFileSystemSynchronizedRootGroup;
			exceptions = (
				B8F357BC2FBDF371001C5058 /* Exceptions for "WiFiSnifferToolHelper" folder in "jp.daradara.WiFiSnifferToolHelper" target */,
			);
			path = WiFiSnifferToolHelper;
			sourceTree = "<group>";
		};
/* End PBXFileSystemSynchronizedRootGroup section */

/* Begin PBXFrameworksBuildPhase section */
		B886C63C2FBCD25C0005E4D7 /* Frameworks */ = {
			isa = PBXFrameworksBuildPhase;
			buildActionMask = 2147483647;
			files = (
			);
			runOnlyForDeploymentPostprocessing = 0;
		};
		B886C64B2FBCD25D0005E4D7 /* Frameworks */ = {
			isa = PBXFrameworksBuildPhase;
			buildActionMask = 2147483647;
			files = (
			);
			runOnlyForDeploymentPostprocessing = 0;
		};
		B886C6552FBCD25D0005E4D7 /* Frameworks */ = {
			isa = PBXFrameworksBuildPhase;
			buildActionMask = 2147483647;
			files = (
			);
			runOnlyForDeploymentPostprocessing = 0;
		};
		B8F357AA2FBDF0D3001C5058 /* Frameworks */ = {
			isa = PBXFrameworksBuildPhase;
			buildActionMask = 2147483647;
			files = (
				B8F357C12FBDF903001C5058 /* libpcap.tbd in Frameworks */,
			);
			runOnlyForDeploymentPostprocessing = 0;
		};
/* End PBXFrameworksBuildPhase section */

/* Begin PBXGroup section */
		B886C6362FBCD25C0005E4D7 = {
			isa = PBXGroup;
			children = (
				B8F357BE2FBDF69F001C5058 /* GEMINI.md */,
				B8F357A02FBDF06A001C5058 /* Shared */,
				B886C6412FBCD25C0005E4D7 /* WiFiSnifferTool */,
				B886C6512FBCD25D0005E4D7 /* WiFiSnifferToolTests */,
				B886C65B2FBCD25D0005E4D7 /* WiFiSnifferToolUITests */,
				B8F357A82FBDF083001C5058 /* WiFiSnifferToolHelper */,
				B8F357BF2FBDF903001C5058 /* Frameworks */,
				B886C6402FBCD25C0005E4D7 /* Products */,
			);
			sourceTree = "<group>";
		};
		B886C6402FBCD25C0005E4D7 /* Products */ = {
			isa = PBXGroup;
			children = (
				B886C63F2FBCD25C0005E4D7 /* WiFiSnifferTool.app */,
				B886C64E2FBCD25D0005E4D7 /* WiFiSnifferToolTests.xctest */,
				B886C6582FBCD25D0005E4D7 /* WiFiSnifferToolUITests.xctest */,
				B8F357AD2FBDF0D3001C5058 /* jp.daradara.WiFiSnifferToolHelper */,
			);
			name = Products;
			sourceTree = "<group>";
		};
		B8F357A02FBDF06A001C5058 /* Shared */ = {
			isa = PBXGroup;
			children = (
				B8F3579F2FBDF06A001C5058 /* WiFiCaptureProtocol.swift */,
			);
			path = Shared;
			sourceTree = "<group>";
		};
		B8F357BF2FBDF903001C5058 /* Frameworks */ = {
			isa = PBXGroup;
			children = (
				B8F357C02FBDF903001C5058 /* libpcap.tbd */,
			);
			name = Frameworks;
			sourceTree = "<group>";
		};
/* End PBXGroup section */

/* Begin PBXNativeTarget section */
		B886C63E2FBCD25C0005E4D7 /* WiFiSnifferTool */ = {
			isa = PBXNativeTarget;
			buildConfigurationList = B886C6622FBCD25D0005E4D7 /* Build configuration list for PBXNativeTarget "WiFiSnifferTool" */;
			buildPhases = (
				B886C63B2FBCD25C0005E4D7 /* Sources */,
				B886C63C2FBCD25C0005E4D7 /* Frameworks */,
				B886C63D2FBCD25C0005E4D7 /* Resources */,
				B8F357B72FBDF248001C5058 /* CopyFiles */,
			);
			buildRules = (
			);
			dependencies = (
				B8F357C62FBE1293001C5058 /* PBXTargetDependency */,
			);
			fileSystemSynchronizedGroups = (
				B886C6412FBCD25C0005E4D7 /* WiFiSnifferTool */,
			);
			name = WiFiSnifferTool;
			packageProductDependencies = (
			);
			productName = WiFiSnifferTool;
			productReference = B886C63F2FBCD25C0005E4D7 /* WiFiSnifferTool.app */;
			productType = "com.apple.product-type.application";
		};
		B886C64D2FBCD25D0005E4D7 /* WiFiSnifferToolTests */ = {
			isa = PBXNativeTarget;
			buildConfigurationList = B886C6652FBCD25D0005E4D7 /* Build configuration list for PBXNativeTarget "WiFiSnifferToolTests" */;
			buildPhases = (
				B886C64A2FBCD25D0005E4D7 /* Sources */,
				B886C64B2FBCD25D0005E4D7 /* Frameworks */,
				B886C64C2FBCD25D0005E4D7 /* Resources */,
			);
			buildRules = (
			);
			dependencies = (
				B886C6502FBCD25D0005E4D7 /* PBXTargetDependency */,
			);
			fileSystemSynchronizedGroups = (
				B886C6512FBCD25D0005E4D7 /* WiFiSnifferToolTests */,
			);
			name = WiFiSnifferToolTests;
			packageProductDependencies = (
			);
			productName = WiFiSnifferToolTests;
			productReference = B886C64E2FBCD25D0005E4D7 /* WiFiSnifferToolTests.xctest */;
			productType = "com.apple.product-type.bundle.unit-test";
		};
		B886C6572FBCD25D0005E4D7 /* WiFiSnifferToolUITests */ = {
			isa = PBXNativeTarget;
			buildConfigurationList = B886C6682FBCD25D0005E4D7 /* Build configuration list for PBXNativeTarget "WiFiSnifferToolUITests" */;
			buildPhases = (
				B886C6542FBCD25D0005E4D7 /* Sources */,
				B886C6552FBCD25D0005E4D7 /* Frameworks */,
				B886C6562FBCD25D0005E4D7 /* Resources */,
			);
			buildRules = (
			);
			dependencies = (
				B886C65A2FBCD25D0005E4D7 /* PBXTargetDependency */,
			);
			fileSystemSynchronizedGroups = (
				B886C65B2FBCD25D0005E4D7 /* WiFiSnifferToolUITests */,
			);
			name = WiFiSnifferToolUITests;
			packageProductDependencies = (
			);
			productName = WiFiSnifferToolUITests;
			productReference = B886C6582FBCD25D0005E4D7 /* WiFiSnifferToolUITests.xctest */;
			productType = "com.apple.product-type.bundle.ui-testing";
		};
		B8F357AC2FBDF0D3001C5058 /* jp.daradara.WiFiSnifferToolHelper */ = {
			isa = PBXNativeTarget;
			buildConfigurationList = B8F357B12FBDF0D3001C5058 /* Build configuration list for PBXNativeTarget "jp.daradara.WiFiSnifferToolHelper" */;
			buildPhases = (
				B8F357A92FBDF0D3001C5058 /* Sources */,
				B8F357AA2FBDF0D3001C5058 /* Frameworks */,
				B8F357AB2FBDF0D3001C5058 /* CopyFiles */,
			);
			buildRules = (
			);
			dependencies = (
			);
			name = jp.daradara.WiFiSnifferToolHelper;
			packageProductDependencies = (
			);
			productName = WiFiSnifferToolHelper;
			productReference = B8F357AD2FBDF0D3001C5058 /* jp.daradara.WiFiSnifferToolHelper */;
			productType = "com.apple.product-type.tool";
		};
/* End PBXNativeTarget section */

/* Begin PBXProject section */
		B886C6372FBCD25C0005E4D7 /* Project object */ = {
			isa = PBXProject;
			attributes = {
				BuildIndependentTargetsInParallel = 1;
				LastSwiftUpdateCheck = 2650;
				LastUpgradeCheck = 2650;
				TargetAttributes = {
					B886C63E2FBCD25C0005E4D7 = {
						CreatedOnToolsVersion = 26.5;
					};
					B886C64D2FBCD25D0005E4D7 = {
						CreatedOnToolsVersion = 26.5;
						TestTargetID = B886C63E2FBCD25C0005E4D7;
					};
					B886C6572FBCD25D0005E4D7 = {
						CreatedOnToolsVersion = 26.5;
						TestTargetID = B886C63E2FBCD25C0005E4D7;
					};
					B8F357AC2FBDF0D3001C5058 = {
						CreatedOnToolsVersion = 26.5;
					};
				};
			};
			buildConfigurationList = B886C63A2FBCD25C0005E4D7 /* Build configuration list for PBXProject "WiFiSnifferTool" */;
			developmentRegion = en;
			hasScannedForEncodings = 0;
			knownRegions = (
				en,
				Base,
			);
			mainGroup = B886C6362FBCD25C0005E4D7;
			minimizedProjectReferenceProxies = 1;
			preferredProjectObjectVersion = 77;
			productRefGroup = B886C6402FBCD25C0005E4D7 /* Products */;
			projectDirPath = "";
			projectRoot = "";
			targets = (
				B886C63E2FBCD25C0005E4D7 /* WiFiSnifferTool */,
				B886C64D2FBCD25D0005E4D7 /* WiFiSnifferToolTests */,
				B886C6572FBCD25D0005E4D7 /* WiFiSnifferToolUITests */,
				B8F357AC2FBDF0D3001C5058 /* jp.daradara.WiFiSnifferToolHelper */,
			);
		};
/* End PBXProject section */

/* Begin PBXResourcesBuildPhase section */
		B886C63D2FBCD25C0005E4D7 /* Resources */ = {
			isa = PBXResourcesBuildPhase;
			buildActionMask = 2147483647;
			files = (
			);
			runOnlyForDeploymentPostprocessing = 0;
		};
		B886C64C2FBCD25D0005E4D7 /* Resources */ = {
			isa = PBXResourcesBuildPhase;
			buildActionMask = 2147483647;
			files = (
			);
			runOnlyForDeploymentPostprocessing = 0;
		};
		B886C6562FBCD25D0005E4D7 /* Resources */ = {
			isa = PBXResourcesBuildPhase;
			buildActionMask = 2147483647;
			files = (
			);
			runOnlyForDeploymentPostprocessing = 0;
		};
/* End PBXResourcesBuildPhase section */

/* Begin PBXSourcesBuildPhase section */
		B886C63B2FBCD25C0005E4D7 /* Sources */ = {
			isa = PBXSourcesBuildPhase;
			buildActionMask = 2147483647;
			files = (
				B8F357B92FBDF2FA001C5058 /* WiFiCaptureProtocol.swift in Sources */,
			);
			runOnlyForDeploymentPostprocessing = 0;
		};
		B886C64A2FBCD25D0005E4D7 /* Sources */ = {
			isa = PBXSourcesBuildPhase;
			buildActionMask = 2147483647;
			files = (
			);
			runOnlyForDeploymentPostprocessing = 0;
		};
		B886C6542FBCD25D0005E4D7 /* Sources */ = {
			isa = PBXSourcesBuildPhase;
			buildActionMask = 2147483647;
			files = (
			);
			runOnlyForDeploymentPostprocessing = 0;
		};
		B8F357A92FBDF0D3001C5058 /* Sources */ = {
			isa = PBXSourcesBuildPhase;
			buildActionMask = 2147483647;
			files = (
				B8F357BA2FBDF2FA001C5058 /* WiFiCaptureProtocol.swift in Sources */,
			);
			runOnlyForDeploymentPostprocessing = 0;
		};
/* End PBXSourcesBuildPhase section */

/* Begin PBXTargetDependency section */
		B886C6502FBCD25D0005E4D7 /* PBXTargetDependency */ = {
			isa = PBXTargetDependency;
			target = B886C63E2FBCD25C0005E4D7 /* WiFiSnifferTool */;
			targetProxy = B886C64F2FBCD25D0005E4D7 /* PBXContainerItemProxy */;
		};
		B886C65A2FBCD25D0005E4D7 /* PBXTargetDependency */ = {
			isa = PBXTargetDependency;
			target = B886C63E2FBCD25C0005E4D7 /* WiFiSnifferTool */;
			targetProxy = B886C6592FBCD25D0005E4D7 /* PBXContainerItemProxy */;
		};
		B8F357C62FBE1293001C5058 /* PBXTargetDependency */ = {
			isa = PBXTargetDependency;
			target = B8F357AC2FBDF0D3001C5058 /* jp.daradara.WiFiSnifferToolHelper */;
			targetProxy = B8F357C52FBE1293001C5058 /* PBXContainerItemProxy */;
		};
/* End PBXTargetDependency section */

/* Begin XCBuildConfiguration section */
		B886C6602FBCD25D0005E4D7 /* Debug */ = {
			isa = XCBuildConfiguration;
			buildSettings = {
				ALWAYS_SEARCH_USER_PATHS = NO;
				ASSETCATALOG_COMPILER_GENERATE_SWIFT_ASSET_SYMBOL_EXTENSIONS = YES;
				CLANG_ANALYZER_NONNULL = YES;
				CLANG_ANALYZER_NUMBER_OBJECT_CONVERSION = YES_AGGRESSIVE;
				CLANG_CXX_LANGUAGE_STANDARD = "gnu++20";
				CLANG_ENABLE_MODULES = YES;
				CLANG_ENABLE_OBJC_ARC = YES;
				CLANG_ENABLE_OBJC_WEAK = YES;
				CLANG_WARN_BLOCK_CAPTURE_AUTORELEASING = YES;
				CLANG_WARN_BOOL_CONVERSION = YES;
				CLANG_WARN_COMMA = YES;
				CLANG_WARN_CONSTANT_CONVERSION = YES;
				CLANG_WARN_DEPRECATED_OBJC_IMPLEMENTATIONS = YES;
				CLANG_WARN_DIRECT_OBJC_ISA_USAGE = YES_ERROR;
				CLANG_WARN_DOCUMENTATION_COMMENTS = YES;
				CLANG_WARN_EMPTY_BODY = YES;
				CLANG_WARN_ENUM_CONVERSION = YES;
				CLANG_WARN_INFINITE_RECURSION = YES;
				CLANG_WARN_INT_CONVERSION = YES;
				CLANG_WARN_NON_LITERAL_NULL_CONVERSION = YES;
				CLANG_WARN_OBJC_IMPLICIT_RETAIN_SELF = YES;
				CLANG_WARN_OBJC_LITERAL_CONVERSION = YES;
				CLANG_WARN_OBJC_ROOT_CLASS = YES_ERROR;
				CLANG_WARN_QUOTED_INCLUDE_IN_FRAMEWORK_HEADER = YES;
				CLANG_WARN_RANGE_LOOP_ANALYSIS = YES;
				CLANG_WARN_STRICT_PROTOTYPES = YES;
				CLANG_WARN_SUSPICIOUS_MOVE = YES;
				CLANG_WARN_UNGUARDED_AVAILABILITY = YES_AGGRESSIVE;
				CLANG_WARN_UNREACHABLE_CODE = YES;
				CLANG_WARN__DUPLICATE_METHOD_MATCH = YES;
				COPY_PHASE_STRIP = NO;
				DEBUG_INFORMATION_FORMAT = dwarf;
				DEVELOPMENT_TEAM = 57KZ5N4K7K;
				ENABLE_STRICT_OBJC_MSGSEND = YES;
				ENABLE_TESTABILITY = YES;
				ENABLE_USER_SCRIPT_SANDBOXING = YES;
				GCC_C_LANGUAGE_STANDARD = gnu17;
				GCC_DYNAMIC_NO_PIC = NO;
				GCC_NO_COMMON_BLOCKS = YES;
				GCC_OPTIMIZATION_LEVEL = 0;
				GCC_PREPROCESSOR_DEFINITIONS = (
					"DEBUG=1",
					"$(inherited)",
				);
				GCC_WARN_64_TO_32_BIT_CONVERSION = YES;
				GCC_WARN_ABOUT_RETURN_TYPE = YES_ERROR;
				GCC_WARN_UNDECLARED_SELECTOR = YES;
				GCC_WARN_UNINITIALIZED_AUTOS = YES_AGGRESSIVE;
				GCC_WARN_UNUSED_FUNCTION = YES;
				GCC_WARN_UNUSED_VARIABLE = YES;
				LOCALIZATION_PREFERS_STRING_CATALOGS = YES;
				MACOSX_DEPLOYMENT_TARGET = 26.4;
				MTL_ENABLE_DEBUG_INFO = INCLUDE_SOURCE;
				MTL_FAST_MATH = YES;
				ONLY_ACTIVE_ARCH = YES;
				SDKROOT = macosx;
				SWIFT_ACTIVE_COMPILATION_CONDITIONS = "DEBUG $(inherited)";
				SWIFT_OPTIMIZATION_LEVEL = "-Onone";
			};
			name = Debug;
		};
		B886C6612FBCD25D0005E4D7 /* Release */ = {
			isa = XCBuildConfiguration;
			buildSettings = {
				ALWAYS_SEARCH_USER_PATHS = NO;
				ASSETCATALOG_COMPILER_GENERATE_SWIFT_ASSET_SYMBOL_EXTENSIONS = YES;
				CLANG_ANALYZER_NONNULL = YES;
				CLANG_ANALYZER_NUMBER_OBJECT_CONVERSION = YES_AGGRESSIVE;
				CLANG_CXX_LANGUAGE_STANDARD = "gnu++20";
				CLANG_ENABLE_MODULES = YES;
				CLANG_ENABLE_OBJC_ARC = YES;
				CLANG_ENABLE_OBJC_WEAK = YES;
				CLANG_WARN_BLOCK_CAPTURE_AUTORELEASING = YES;
				CLANG_WARN_BOOL_CONVERSION = YES;
				CLANG_WARN_COMMA = YES;
				CLANG_WARN_CONSTANT_CONVERSION = YES;
				CLANG_WARN_DEPRECATED_OBJC_IMPLEMENTATIONS = YES;
				CLANG_WARN_DIRECT_OBJC_ISA_USAGE = YES_ERROR;
				CLANG_WARN_DOCUMENTATION_COMMENTS = YES;
				CLANG_WARN_EMPTY_BODY = YES;
				CLANG_WARN_ENUM_CONVERSION = YES;
				CLANG_WARN_INFINITE_RECURSION = YES;
				CLANG_WARN_INT_CONVERSION = YES;
				CLANG_WARN_NON_LITERAL_NULL_CONVERSION = YES;
				CLANG_WARN_OBJC_IMPLICIT_RETAIN_SELF = YES;
				CLANG_WARN_OBJC_LITERAL_CONVERSION = YES;
				CLANG_WARN_OBJC_ROOT_CLASS = YES_ERROR;
				CLANG_WARN_QUOTED_INCLUDE_IN_FRAMEWORK_HEADER = YES;
				CLANG_WARN_RANGE_LOOP_ANALYSIS = YES;
				CLANG_WARN_STRICT_PROTOTYPES = YES;
				CLANG_WARN_SUSPICIOUS_MOVE = YES;
				CLANG_WARN_UNGUARDED_AVAILABILITY = YES_AGGRESSIVE;
				CLANG_WARN_UNREACHABLE_CODE = YES;
				CLANG_WARN__DUPLICATE_METHOD_MATCH = YES;
				COPY_PHASE_STRIP = NO;
				DEBUG_INFORMATION_FORMAT = "dwarf-with-dsym";
				DEVELOPMENT_TEAM = 57KZ5N4K7K;
				ENABLE_NS_ASSERTIONS = NO;
				ENABLE_STRICT_OBJC_MSGSEND = YES;
				ENABLE_USER_SCRIPT_SANDBOXING = YES;
				GCC_C_LANGUAGE_STANDARD = gnu17;
				GCC_NO_COMMON_BLOCKS = YES;
				GCC_WARN_64_TO_32_BIT_CONVERSION = YES;
				GCC_WARN_ABOUT_RETURN_TYPE = YES_ERROR;
				GCC_WARN_UNDECLARED_SELECTOR = YES;
				GCC_WARN_UNINITIALIZED_AUTOS = YES_AGGRESSIVE;
				GCC_WARN_UNUSED_FUNCTION = YES;
				GCC_WARN_UNUSED_VARIABLE = YES;
				LOCALIZATION_PREFERS_STRING_CATALOGS = YES;
				MACOSX_DEPLOYMENT_TARGET = 26.4;
				MTL_ENABLE_DEBUG_INFO = NO;
				MTL_FAST_MATH = YES;
				SDKROOT = macosx;
				SWIFT_COMPILATION_MODE = wholemodule;
			};
			name = Release;
		};
		B886C6632FBCD25D0005E4D7 /* Debug */ = {
			isa = XCBuildConfiguration;
			buildSettings = {
				ASSETCATALOG_COMPILER_APPICON_NAME = AppIcon;
				ASSETCATALOG_COMPILER_GLOBAL_ACCENT_COLOR_NAME = AccentColor;
				CODE_SIGN_IDENTITY = "Apple Development";
				"CODE_SIGN_IDENTITY[sdk=macosx*]" = "Apple Development";
				CODE_SIGN_STYLE = Automatic;
				COMBINE_HIDPI_IMAGES = YES;
				CURRENT_PROJECT_VERSION = 1;
				DEVELOPMENT_TEAM = 57KZ5N4K7K;
				ENABLE_APP_SANDBOX = NO;
				ENABLE_HARDENED_RUNTIME = YES;
				ENABLE_PREVIEWS = YES;
				GENERATE_INFOPLIST_FILE = YES;
				INFOPLIST_FILE = WiFiSnifferTool/Info.plist;
				INFOPLIST_KEY_CFBundleDisplayName = WiFiSnifferTool;
				INFOPLIST_KEY_LSApplicationCategoryType = "public.app-category.developer-tools";
				INFOPLIST_KEY_NSHumanReadableCopyright = "";
				LD_RUNPATH_SEARCH_PATHS = (
					"$(inherited)",
					"@executable_path/../Frameworks",
				);
				MARKETING_VERSION = 1.0;
				PRODUCT_BUNDLE_IDENTIFIER = jp.daradara.WiFiSnifferTool;
				PRODUCT_NAME = "$(TARGET_NAME)";
				PROVISIONING_PROFILE_SPECIFIER = "";
				REGISTER_APP_GROUPS = YES;
				STRING_CATALOG_GENERATE_SYMBOLS = YES;
				SWIFT_APPROACHABLE_CONCURRENCY = YES;
				SWIFT_DEFAULT_ACTOR_ISOLATION = MainActor;
				SWIFT_EMIT_LOC_STRINGS = YES;
				SWIFT_UPCOMING_FEATURE_MEMBER_IMPORT_VISIBILITY = YES;
				SWIFT_VERSION = 5.0;
			};
			name = Debug;
		};
		B886C6642FBCD25D0005E4D7 /* Release */ = {
			isa = XCBuildConfiguration;
			buildSettings = {
				ASSETCATALOG_COMPILER_APPICON_NAME = AppIcon;
				ASSETCATALOG_COMPILER_GLOBAL_ACCENT_COLOR_NAME = AccentColor;
				CODE_SIGN_IDENTITY = "Apple Development";
				"CODE_SIGN_IDENTITY[sdk=macosx*]" = "Apple Development";
				CODE_SIGN_STYLE = Automatic;
				COMBINE_HIDPI_IMAGES = YES;
				CURRENT_PROJECT_VERSION = 1;
				DEVELOPMENT_TEAM = 57KZ5N4K7K;
				ENABLE_APP_SANDBOX = NO;
				ENABLE_HARDENED_RUNTIME = YES;
				ENABLE_PREVIEWS = YES;
				GENERATE_INFOPLIST_FILE = YES;
				INFOPLIST_FILE = WiFiSnifferTool/Info.plist;
				INFOPLIST_KEY_CFBundleDisplayName = WiFiSnifferTool;
				INFOPLIST_KEY_LSApplicationCategoryType = "public.app-category.developer-tools";
				INFOPLIST_KEY_NSHumanReadableCopyright = "";
				LD_RUNPATH_SEARCH_PATHS = (
					"$(inherited)",
					"@executable_path/../Frameworks",
				);
				MARKETING_VERSION = 1.0;
				PRODUCT_BUNDLE_IDENTIFIER = jp.daradara.WiFiSnifferTool;
				PRODUCT_NAME = "$(TARGET_NAME)";
				PROVISIONING_PROFILE_SPECIFIER = "";
				REGISTER_APP_GROUPS = YES;
				STRING_CATALOG_GENERATE_SYMBOLS = YES;
				SWIFT_APPROACHABLE_CONCURRENCY = YES;
				SWIFT_DEFAULT_ACTOR_ISOLATION = MainActor;
				SWIFT_EMIT_LOC_STRINGS = YES;
				SWIFT_UPCOMING_FEATURE_MEMBER_IMPORT_VISIBILITY = YES;
				SWIFT_VERSION = 5.0;
			};
			name = Release;
		};
		B886C6662FBCD25D0005E4D7 /* Debug */ = {
			isa = XCBuildConfiguration;
			buildSettings = {
				BUNDLE_LOADER = "$(TEST_HOST)";
				CODE_SIGN_STYLE = Automatic;
				CURRENT_PROJECT_VERSION = 1;
				DEVELOPMENT_TEAM = 57KZ5N4K7K;
				GENERATE_INFOPLIST_FILE = YES;
				MACOSX_DEPLOYMENT_TARGET = 26.4;
				MARKETING_VERSION = 1.0;
				PRODUCT_BUNDLE_IDENTIFIER = jp.daradara.WiFiSnifferToolTests;
				PRODUCT_NAME = "$(TARGET_NAME)";
				STRING_CATALOG_GENERATE_SYMBOLS = NO;
				SWIFT_APPROACHABLE_CONCURRENCY = YES;
				SWIFT_EMIT_LOC_STRINGS = NO;
				SWIFT_UPCOMING_FEATURE_MEMBER_IMPORT_VISIBILITY = YES;
				SWIFT_VERSION = 5.0;
				TEST_HOST = "$(BUILT_PRODUCTS_DIR)/WiFiSnifferTool.app/$(BUNDLE_EXECUTABLE_FOLDER_PATH)/WiFiSnifferTool";
			};
			name = Debug;
		};
		B886C6672FBCD25D0005E4D7 /* Release */ = {
			isa = XCBuildConfiguration;
			buildSettings = {
				BUNDLE_LOADER = "$(TEST_HOST)";
				CODE_SIGN_STYLE = Automatic;
				CURRENT_PROJECT_VERSION = 1;
				DEVELOPMENT_TEAM = 57KZ5N4K7K;
				GENERATE_INFOPLIST_FILE = YES;
				MACOSX_DEPLOYMENT_TARGET = 26.4;
				MARKETING_VERSION = 1.0;
				PRODUCT_BUNDLE_IDENTIFIER = jp.daradara.WiFiSnifferToolTests;
				PRODUCT_NAME = "$(TARGET_NAME)";
				STRING_CATALOG_GENERATE_SYMBOLS = NO;
				SWIFT_APPROACHABLE_CONCURRENCY = YES;
				SWIFT_EMIT_LOC_STRINGS = NO;
				SWIFT_UPCOMING_FEATURE_MEMBER_IMPORT_VISIBILITY = YES;
				SWIFT_VERSION = 5.0;
				TEST_HOST = "$(BUILT_PRODUCTS_DIR)/WiFiSnifferTool.app/$(BUNDLE_EXECUTABLE_FOLDER_PATH)/WiFiSnifferTool";
			};
			name = Release;
		};
		B886C6692FBCD25D0005E4D7 /* Debug */ = {
			isa = XCBuildConfiguration;
			buildSettings = {
				CODE_SIGN_STYLE = Automatic;
				CURRENT_PROJECT_VERSION = 1;
				DEVELOPMENT_TEAM = 57KZ5N4K7K;
				GENERATE_INFOPLIST_FILE = YES;
				MARKETING_VERSION = 1.0;
				PRODUCT_BUNDLE_IDENTIFIER = jp.daradara.WiFiSnifferToolUITests;
				PRODUCT_NAME = "$(TARGET_NAME)";
				STRING_CATALOG_GENERATE_SYMBOLS = NO;
				SWIFT_APPROACHABLE_CONCURRENCY = YES;
				SWIFT_EMIT_LOC_STRINGS = NO;
				SWIFT_UPCOMING_FEATURE_MEMBER_IMPORT_VISIBILITY = YES;
				SWIFT_VERSION = 5.0;
				TEST_TARGET_NAME = WiFiSnifferTool;
			};
			name = Debug;
		};
		B886C66A2FBCD25D0005E4D7 /* Release */ = {
			isa = XCBuildConfiguration;
			buildSettings = {
				CODE_SIGN_STYLE = Automatic;
				CURRENT_PROJECT_VERSION = 1;
				DEVELOPMENT_TEAM = 57KZ5N4K7K;
				GENERATE_INFOPLIST_FILE = YES;
				MARKETING_VERSION = 1.0;
				PRODUCT_BUNDLE_IDENTIFIER = jp.daradara.WiFiSnifferToolUITests;
				PRODUCT_NAME = "$(TARGET_NAME)";
				STRING_CATALOG_GENERATE_SYMBOLS = NO;
				SWIFT_APPROACHABLE_CONCURRENCY = YES;
				SWIFT_EMIT_LOC_STRINGS = NO;
				SWIFT_UPCOMING_FEATURE_MEMBER_IMPORT_VISIBILITY = YES;
				SWIFT_VERSION = 5.0;
				TEST_TARGET_NAME = WiFiSnifferTool;
			};
			name = Release;
		};
		B8F357B22FBDF0D3001C5058 /* Debug */ = {
			isa = XCBuildConfiguration;
			buildSettings = {
				"CODE_SIGN_IDENTITY[sdk=macosx*]" = "Apple Development";
				CODE_SIGN_STYLE = Automatic;
				CREATE_INFOPLIST_SECTION_IN_BINARY = YES;
				DEVELOPMENT_TEAM = 57KZ5N4K7K;
				ENABLE_HARDENED_RUNTIME = YES;
				INFOPLIST_FILE = "$(SRCROOT)/WiFiSnifferToolHelper/Info.plist";
				OTHER_LDFLAGS = "";
				"PRODUCT_BUNDLE_IDENTIFIER[sdk=macosx*]" = jp.daradara.WiFiSnifferToolHelper;
				PRODUCT_NAME = "$(TARGET_NAME)";
				SWIFT_APPROACHABLE_CONCURRENCY = YES;
				SWIFT_UPCOMING_FEATURE_MEMBER_IMPORT_VISIBILITY = YES;
				SWIFT_VERSION = 5.0;
			};
			name = Debug;
		};
		B8F357B32FBDF0D3001C5058 /* Release */ = {
			isa = XCBuildConfiguration;
			buildSettings = {
				"CODE_SIGN_IDENTITY[sdk=macosx*]" = "Apple Development";
				CODE_SIGN_STYLE = Automatic;
				CREATE_INFOPLIST_SECTION_IN_BINARY = YES;
				DEVELOPMENT_TEAM = 57KZ5N4K7K;
				ENABLE_HARDENED_RUNTIME = YES;
				INFOPLIST_FILE = "$(SRCROOT)/WiFiSnifferToolHelper/Info.plist";
				OTHER_LDFLAGS = "";
				"PRODUCT_BUNDLE_IDENTIFIER[sdk=macosx*]" = jp.daradara.WiFiSnifferToolHelper;
				PRODUCT_NAME = "$(TARGET_NAME)";
				SWIFT_APPROACHABLE_CONCURRENCY = YES;
				SWIFT_UPCOMING_FEATURE_MEMBER_IMPORT_VISIBILITY = YES;
				SWIFT_VERSION = 5.0;
			};
			name = Release;
		};
/* End XCBuildConfiguration section */

/* Begin XCConfigurationList section */
		B886C63A2FBCD25C0005E4D7 /* Build configuration list for PBXProject "WiFiSnifferTool" */ = {
			isa = XCConfigurationList;
			buildConfigurations = (
				B886C6602FBCD25D0005E4D7 /* Debug */,
				B886C6612FBCD25D0005E4D7 /* Release */,
			);
			defaultConfigurationIsVisible = 0;
			defaultConfigurationName = Release;
		};
		B886C6622FBCD25D0005E4D7 /* Build configuration list for PBXNativeTarget "WiFiSnifferTool" */ = {
			isa = XCConfigurationList;
			buildConfigurations = (
				B886C6632FBCD25D0005E4D7 /* Debug */,
				B886C6642FBCD25D0005E4D7 /* Release */,
			);
			defaultConfigurationIsVisible = 0;
			defaultConfigurationName = Release;
		};
		B886C6652FBCD25D0005E4D7 /* Build configuration list for PBXNativeTarget "WiFiSnifferToolTests" */ = {
			isa = XCConfigurationList;
			buildConfigurations = (
				B886C6662FBCD25D0005E4D7 /* Debug */,
				B886C6672FBCD25D0005E4D7 /* Release */,
			);
			defaultConfigurationIsVisible = 0;
			defaultConfigurationName = Release;
		};
		B886C6682FBCD25D0005E4D7 /* Build configuration list for PBXNativeTarget "WiFiSnifferToolUITests" */ = {
			isa = XCConfigurationList;
			buildConfigurations = (
				B886C6692FBCD25D0005E4D7 /* Debug */,
				B886C66A2FBCD25D0005E4D7 /* Release */,
			);
			defaultConfigurationIsVisible = 0;
			defaultConfigurationName = Release;
		};
		B8F357B12FBDF0D3001C5058 /* Build configuration list for PBXNativeTarget "jp.daradara.WiFiSnifferToolHelper" */ = {
			isa = XCConfigurationList;
			buildConfigurations = (
				B8F357B22FBDF0D3001C5058 /* Debug */,
				B8F357B32FBDF0D3001C5058 /* Release */,
			);
			defaultConfigurationIsVisible = 0;
			defaultConfigurationName = Release;
		};
/* End XCConfigurationList section */
	};
	rootObject = B886C6372FBCD25C0005E4D7 /* Project object */;
}
